
Microsoft Visual Studio Solution File, Format Version 12.00
# Visual Studio 15
VisualStudioVersion = 15.0.26730.16
MinimumVisualStudioVersion = 10.0.40219.1
Project("{FAE04EC0-301F-11D3-BF4B-00C04F79EFBC}") = "EasyRun", "EasyRun\EasyRun.csproj", "{9767AAB6-E29A-45B3-BCED-1148E5569BA0}"
EndProject
Global
	GlobalSection(SolutionConfigurationPlatforms) = preSolution
		Debug|Any CPU = Debug|Any CPU
		Release|Any CPU = Release|Any CPU
	EndGlobalSection
	GlobalSection(ProjectConfigurationPlatforms) = postSolution
		{9767AAB6-E29A-45B3-BCED-1148E5569BA0}.Debug|Any CPU.ActiveCfg = Release|Any CPU
		{9767AAB6-E29A-45B3-BCED-1148E5569BA0}.Debug|Any CPU.Build.0 = Release|Any CPU
		{9767AAB6-E29A-45B3-BCED-1148E5569BA0}.Debug|Any CPU.Deploy.0 = Release|Any CPU
		{9767AAB6-E29A-45B3-BCED-1148E5569BA0}.Release|Any CPU.ActiveCfg = Release|Any CPU
		{9767AAB6-E29A-45B3-BCED-1148E5569BA0}.Release|Any CPU.Build.0 = Release|Any CPU
	EndGlobalSection
	GlobalSection(SolutionProperties) = preSolution
		HideSolutionNode = FALSE
	EndGlobalSection
	GlobalSection(ExtensibilityGlobals) = postSolution
		SolutionGuid = {9EACD7B1-165C-484B-96DD-E98E0149A987}
	EndGlobalSection
EndGlobal
